<?xml version="1.0" encoding="utf-8"?>
<Project ToolsVersion="4.0" xmlns="http://schemas.microsoft.com/developer/msbuild/2003">
  <ItemGroup>
    <Filter Include="Source Files">
      <UniqueIdentifier>{fb90e00a-3ff1-490a-8150-14fc1a9581e8}</UniqueIdentifier>
      <Extensions>cpp;c;cxx;rc;def;r;odl;idl;hpj;bat</Extensions>
    </Filter>
    <Filter Include="Header Files">
      <UniqueIdentifier>{cf222021-294f-4ca5-bbab-0cc1852e35e4}</UniqueIdentifier>
      <Extensions>h;hpp;hxx;hm;inl</Extensions>
    </Filter>
    <Filter Include="Resource Files">
      <UniqueIdentifier>{3651e722-3c6c-455f-818b-4335e14de7d1}</UniqueIdentifier>
      <Extensions>ico;cur;bmp;dlg;rc2;rct;bin;rgs;gif;jpg;jpeg;jpe</Extensions>
    </Filter>
  </ItemGroup>
  <ItemGroup>
    <ClCompile Include="Legacy.cxx">
      <Filter>Source Files</Filter>
    </ClCompile>
    <ClCompile Include="PasswordDialog.cxx">
      <Filter>Source Files</Filter>
    </ClCompile>
    <ClCompile Include="vncconfig.cxx">
      <Filter>Source Files</Filter>
    </ClCompile>
  </ItemGroup>
  <ItemGroup>
    <ClInclude Include="Authentication.h">
      <Filter>Header Files</Filter>
    </ClInclude>
    <ClInclude Include="Connections.h">
      <Filter>Header Files</Filter>
    </ClInclude>
    <ClInclude Include="Desktop.h">
      <Filter>Header Files</Filter>
    </ClInclude>
    <ClInclude Include="Hooking.h">
      <Filter>Header Files</Filter>
    </ClInclude>
    <ClInclude Include="Inputs.h">
      <Filter>Header Files</Filter>
    </ClInclude>
    <ClInclude Include="Legacy.h">
      <Filter>Header Files</Filter>
    </ClInclude>
    <ClInclude Include="PasswordDialog.h">
      <Filter>Header Files</Filter>
    </ClInclude>
    <ClInclude Include="resource.h">
      <Filter>Header Files</Filter>
    </ClInclude>
    <ClInclude Include="Sharing.h">
      <Filter>Header Files</Filter>
    </ClInclude>
  </ItemGroup>
  <ItemGroup>
    <Image Include="connected.ico">
      <Filter>Resource Files</Filter>
    </Image>
    <Image Include="vncconfig.ico">
      <Filter>Resource Files</Filter>
    </Image>
  </ItemGroup>
  <ItemGroup>
    <ResourceCompile Include="vncconfig.rc">
      <Filter>Resource Files</Filter>
    </ResourceCompile>
  </ItemGroup>
  <ItemGroup>
    <Manifest Include="vncconfig.exe.manifest" />
  </ItemGroup>
</Project>