<?xml version="1.0" encoding="utf-8"?>
<Project ToolsVersion="4.0" xmlns="http://schemas.microsoft.com/developer/msbuild/2003">
  <ItemGroup>
    <Filter Include="Header Files">
      <UniqueIdentifier>{af6611a8-7d27-46a5-a211-5c0f1ab01bb8}</UniqueIdentifier>
      <Extensions>h;hpp;hxx;hm;inl</Extensions>
    </Filter>
    <Filter Include="Source Files">
      <UniqueIdentifier>{07ca9450-e982-4d93-9ef9-626e48d58313}</UniqueIdentifier>
      <Extensions>cpp;c;cxx;rc;def;r;odl;idl;hpj;bat</Extensions>
    </Filter>
  </ItemGroup>
  <ItemGroup>
    <ClInclude Include="Exception.h">
      <Filter>Header Files</Filter>
    </ClInclude>
    <ClInclude Include="FdInStream.h">
      <Filter>Header Files</Filter>
    </ClInclude>
    <ClInclude Include="FdOutStream.h">
      <Filter>Header Files</Filter>
    </ClInclude>
    <ClInclude Include="FixedMemOutStream.h">
      <Filter>Header Files</Filter>
    </ClInclude>
    <ClInclude Include="HexInStream.h">
      <Filter>Header Files</Filter>
    </ClInclude>
    <ClInclude Include="HexOutStream.h">
      <Filter>Header Files</Filter>
    </ClInclude>
    <ClInclude Include="InStream.h">
      <Filter>Header Files</Filter>
    </ClInclude>
    <ClInclude Include="MemInStream.h">
      <Filter>Header Files</Filter>
    </ClInclude>
    <ClInclude Include="MemOutStream.h">
      <Filter>Header Files</Filter>
    </ClInclude>
    <ClInclude Include="msvcwarning.h">
      <Filter>Header Files</Filter>
    </ClInclude>
    <ClInclude Include="OutStream.h">
      <Filter>Header Files</Filter>
    </ClInclude>
    <ClInclude Include="RandomStream.h">
      <Filter>Header Files</Filter>
    </ClInclude>
    <ClInclude Include="SubstitutingInStream.h">
      <Filter>Header Files</Filter>
    </ClInclude>
    <ClInclude Include="types.h">
      <Filter>Header Files</Filter>
    </ClInclude>
    <ClInclude Include="ZlibInStream.h">
      <Filter>Header Files</Filter>
    </ClInclude>
    <ClInclude Include="ZlibOutStream.h">
      <Filter>Header Files</Filter>
    </ClInclude>
  </ItemGroup>
  <ItemGroup>
    <ClCompile Include="Exception.cxx">
      <Filter>Source Files</Filter>
    </ClCompile>
    <ClCompile Include="FdInStream.cxx">
      <Filter>Source Files</Filter>
    </ClCompile>
    <ClCompile Include="FdOutStream.cxx">
      <Filter>Source Files</Filter>
    </ClCompile>
    <ClCompile Include="HexInStream.cxx">
      <Filter>Source Files</Filter>
    </ClCompile>
    <ClCompile Include="HexOutStream.cxx">
      <Filter>Source Files</Filter>
    </ClCompile>
    <ClCompile Include="InStream.cxx">
      <Filter>Source Files</Filter>
    </ClCompile>
    <ClCompile Include="RandomStream.cxx">
      <Filter>Source Files</Filter>
    </ClCompile>
    <ClCompile Include="ZlibInStream.cxx">
      <Filter>Source Files</Filter>
    </ClCompile>
    <ClCompile Include="ZlibOutStream.cxx">
      <Filter>Source Files</Filter>
    </ClCompile>
  </ItemGroup>
</Project>