Microsoft Visual Studio Solution File, Format Version 12.00
# Visual Studio Version 16
VisualStudioVersion = 16.0.29503.13
MinimumVisualStudioVersion = 10.0.40219.1
Project("{8BC9CEB8-8B4A-11D0-8D11-00A0C91BC942}") = "Xregion", "..\common\Xregion\Xregion.vcxproj", "{597421F1-8544-4198-B498-540361A51BE0}"
EndProject
Project("{8BC9CEB8-8B4A-11D0-8D11-00A0C91BC942}") = "logmessages", "logmessages\logmessages.vcxproj", "{52C5AB3A-9094-4ABC-A815-9351F6483895}"
EndProject
Project("{8BC9CEB8-8B4A-11D0-8D11-00A0C91BC942}") = "network", "..\common\network\network.vcxproj", "{6001F642-84E6-448F-9D69-C1F540291186}"
EndProject
Project("{8BC9CEB8-8B4A-11D0-8D11-00A0C91BC942}") = "rdr", "..\common\rdr\rdr.vcxproj", "{24E0C894-0886-49F1-80C0-DE306A1CD0C3}"
EndProject
Project("{8BC9CEB8-8B4A-11D0-8D11-00A0C91BC942}") = "rfb", "..\common\rfb\rfb.vcxproj", "{5F0B1D1B-306D-4D7F-AB22-DCF01632B73B}"
EndProject
Project("{8BC9CEB8-8B4A-11D0-8D11-00A0C91BC942}") = "rfb_win32", "rfb_win32\rfb_win32.vcxproj", "{B8FEB3F1-D554-4AC2-9E59-F9792F31E8CE}"
EndProject
Project("{8BC9CEB8-8B4A-11D0-8D11-00A0C91BC942}") = "vncconfig", "vncconfig\vncconfig.vcxproj", "{E0369460-54A0-4DB5-8167-94B0BAD6C215}"
EndProject
Project("{8BC9CEB8-8B4A-11D0-8D11-00A0C91BC942}") = "vncviewer", "vncviewer\vncviewer.vcxproj", "{DBB955AF-768C-4121-A2A1-30012B9FF417}"
EndProject
Project("{8BC9CEB8-8B4A-11D0-8D11-00A0C91BC942}") = "winvnc", "winvnc\winvnc.vcxproj", "{DA814B9E-141A-4044-95AD-6E8C6C13D67E}"
EndProject
Project("{8BC9CEB8-8B4A-11D0-8D11-00A0C91BC942}") = "wm_hooks", "wm_hooks\wm_hooks.vcxproj", "{72379240-B458-46F3-B9DD-2DEADE37A2C9}"
EndProject
Project("{8BC9CEB8-8B4A-11D0-8D11-00A0C91BC942}") = "zlib", "..\common\zlib\zlib.vcxproj", "{3E0AC723-BDE7-45AC-ABD8-B05AA5642EAC}"
EndProject
Global
	GlobalSection(SolutionConfigurationPlatforms) = preSolution
		Debug Unicode|ARM = Debug Unicode|ARM
		Debug Unicode|ARM64 = Debug Unicode|ARM64
		Debug Unicode|x64 = Debug Unicode|x64
		Debug Unicode|x86 = Debug Unicode|x86
		Debug|ARM = Debug|ARM
		Debug|ARM64 = Debug|ARM64
		Debug|x64 = Debug|x64
		Debug|x86 = Debug|x86
		Release|ARM = Release|ARM
		Release|ARM64 = Release|ARM64
		Release|x64 = Release|x64
		Release|x86 = Release|x86
	EndGlobalSection
	GlobalSection(ProjectConfigurationPlatforms) = postSolution
		{597421F1-8544-4198-B498-540361A51BE0}.Debug Unicode|ARM.ActiveCfg = Debug Unicode|ARM
		{597421F1-8544-4198-B498-540361A51BE0}.Debug Unicode|ARM.Build.0 = Debug Unicode|ARM
		{597421F1-8544-4198-B498-540361A51BE0}.Debug Unicode|ARM64.ActiveCfg = Debug Unicode|ARM64
		{597421F1-8544-4198-B498-540361A51BE0}.Debug Unicode|ARM64.Build.0 = Debug Unicode|ARM64
		{597421F1-8544-4198-B498-540361A51BE0}.Debug Unicode|x64.ActiveCfg = Debug Unicode|x64
		{597421F1-8544-4198-B498-540361A51BE0}.Debug Unicode|x64.Build.0 = Debug Unicode|x64
		{597421F1-8544-4198-B498-540361A51BE0}.Debug Unicode|x86.ActiveCfg = Debug Unicode|Win32
		{597421F1-8544-4198-B498-540361A51BE0}.Debug Unicode|x86.Build.0 = Debug Unicode|Win32
		{597421F1-8544-4198-B498-540361A51BE0}.Debug|ARM.ActiveCfg = Debug|ARM
		{597421F1-8544-4198-B498-540361A51BE0}.Debug|ARM.Build.0 = Debug|ARM
		{597421F1-8544-4198-B498-540361A51BE0}.Debug|ARM64.ActiveCfg = Debug|ARM64
		{597421F1-8544-4198-B498-540361A51BE0}.Debug|ARM64.Build.0 = Debug|ARM64
		{597421F1-8544-4198-B498-540361A51BE0}.Debug|x64.ActiveCfg = Debug|x64
		{597421F1-8544-4198-B498-540361A51BE0}.Debug|x64.Build.0 = Debug|x64
		{597421F1-8544-4198-B498-540361A51BE0}.Debug|x86.ActiveCfg = Debug|Win32
		{597421F1-8544-4198-B498-540361A51BE0}.Debug|x86.Build.0 = Debug|Win32
		{597421F1-8544-4198-B498-540361A51BE0}.Release|ARM.ActiveCfg = Release|ARM
		{597421F1-8544-4198-B498-540361A51BE0}.Release|ARM.Build.0 = Release|ARM
		{597421F1-8544-4198-B498-540361A51BE0}.Release|ARM64.ActiveCfg = Release|ARM64
		{597421F1-8544-4198-B498-540361A51BE0}.Release|ARM64.Build.0 = Release|ARM64
		{597421F1-8544-4198-B498-540361A51BE0}.Release|x64.ActiveCfg = Release|x64
		{597421F1-8544-4198-B498-540361A51BE0}.Release|x64.Build.0 = Release|x64
		{597421F1-8544-4198-B498-540361A51BE0}.Release|x86.ActiveCfg = Release|Win32
		{597421F1-8544-4198-B498-540361A51BE0}.Release|x86.Build.0 = Release|Win32
		{52C5AB3A-9094-4ABC-A815-9351F6483895}.Debug Unicode|ARM.ActiveCfg = Debug Unicode|ARM
		{52C5AB3A-9094-4ABC-A815-9351F6483895}.Debug Unicode|ARM.Build.0 = Debug Unicode|ARM
		{52C5AB3A-9094-4ABC-A815-9351F6483895}.Debug Unicode|ARM64.ActiveCfg = Debug Unicode|ARM64
		{52C5AB3A-9094-4ABC-A815-9351F6483895}.Debug Unicode|ARM64.Build.0 = Debug Unicode|ARM64
		{52C5AB3A-9094-4ABC-A815-9351F6483895}.Debug Unicode|x64.ActiveCfg = Debug Unicode|x64
		{52C5AB3A-9094-4ABC-A815-9351F6483895}.Debug Unicode|x64.Build.0 = Debug Unicode|x64
		{52C5AB3A-9094-4ABC-A815-9351F6483895}.Debug Unicode|x86.ActiveCfg = Debug Unicode|Win32
		{52C5AB3A-9094-4ABC-A815-9351F6483895}.Debug Unicode|x86.Build.0 = Debug Unicode|Win32
		{52C5AB3A-9094-4ABC-A815-9351F6483895}.Debug|ARM.ActiveCfg = Debug|ARM
		{52C5AB3A-9094-4ABC-A815-9351F6483895}.Debug|ARM.Build.0 = Debug|ARM
		{52C5AB3A-9094-4ABC-A815-9351F6483895}.Debug|ARM64.ActiveCfg = Debug|ARM64
		{52C5AB3A-9094-4ABC-A815-9351F6483895}.Debug|ARM64.Build.0 = Debug|ARM64
		{52C5AB3A-9094-4ABC-A815-9351F6483895}.Debug|x64.ActiveCfg = Debug|x64
		{52C5AB3A-9094-4ABC-A815-9351F6483895}.Debug|x64.Build.0 = Debug|x64
		{52C5AB3A-9094-4ABC-A815-9351F6483895}.Debug|x86.ActiveCfg = Debug|Win32
		{52C5AB3A-9094-4ABC-A815-9351F6483895}.Debug|x86.Build.0 = Debug|Win32
		{52C5AB3A-9094-4ABC-A815-9351F6483895}.Release|ARM.ActiveCfg = Release|ARM
		{52C5AB3A-9094-4ABC-A815-9351F6483895}.Release|ARM.Build.0 = Release|ARM
		{52C5AB3A-9094-4ABC-A815-9351F6483895}.Release|ARM64.ActiveCfg = Release|ARM64
		{52C5AB3A-9094-4ABC-A815-9351F6483895}.Release|ARM64.Build.0 = Release|ARM64
		{52C5AB3A-9094-4ABC-A815-9351F6483895}.Release|x64.ActiveCfg = Release|x64
		{52C5AB3A-9094-4ABC-A815-9351F6483895}.Release|x64.Build.0 = Release|x64
		{52C5AB3A-9094-4ABC-A815-9351F6483895}.Release|x86.ActiveCfg = Release|Win32
		{52C5AB3A-9094-4ABC-A815-9351F6483895}.Release|x86.Build.0 = Release|Win32
		{6001F642-84E6-448F-9D69-C1F540291186}.Debug Unicode|ARM.ActiveCfg = Debug Unicode|ARM
		{6001F642-84E6-448F-9D69-C1F540291186}.Debug Unicode|ARM.Build.0 = Debug Unicode|ARM
		{6001F642-84E6-448F-9D69-C1F540291186}.Debug Unicode|ARM64.ActiveCfg = Debug Unicode|ARM64
		{6001F642-84E6-448F-9D69-C1F540291186}.Debug Unicode|ARM64.Build.0 = Debug Unicode|ARM64
		{6001F642-84E6-448F-9D69-C1F540291186}.Debug Unicode|x64.ActiveCfg = Debug Unicode|x64
		{6001F642-84E6-448F-9D69-C1F540291186}.Debug Unicode|x64.Build.0 = Debug Unicode|x64
		{6001F642-84E6-448F-9D69-C1F540291186}.Debug Unicode|x86.ActiveCfg = Debug Unicode|Win32
		{6001F642-84E6-448F-9D69-C1F540291186}.Debug Unicode|x86.Build.0 = Debug Unicode|Win32
		{6001F642-84E6-448F-9D69-C1F540291186}.Debug|ARM.ActiveCfg = Debug|ARM
		{6001F642-84E6-448F-9D69-C1F540291186}.Debug|ARM.Build.0 = Debug|ARM
		{6001F642-84E6-448F-9D69-C1F540291186}.Debug|ARM64.ActiveCfg = Debug|ARM64
		{6001F642-84E6-448F-9D69-C1F540291186}.Debug|ARM64.Build.0 = Debug|ARM64
		{6001F642-84E6-448F-9D69-C1F540291186}.Debug|x64.ActiveCfg = Debug|x64
		{6001F642-84E6-448F-9D69-C1F540291186}.Debug|x64.Build.0 = Debug|x64
		{6001F642-84E6-448F-9D69-C1F540291186}.Debug|x86.ActiveCfg = Debug|Win32
		{6001F642-84E6-448F-9D69-C1F540291186}.Debug|x86.Build.0 = Debug|Win32
		{6001F642-84E6-448F-9D69-C1F540291186}.Release|ARM.ActiveCfg = Release|ARM
		{6001F642-84E6-448F-9D69-C1F540291186}.Release|ARM.Build.0 = Release|ARM
		{6001F642-84E6-448F-9D69-C1F540291186}.Release|ARM64.ActiveCfg = Release|ARM64
		{6001F642-84E6-448F-9D69-C1F540291186}.Release|ARM64.Build.0 = Release|ARM64
		{6001F642-84E6-448F-9D69-C1F540291186}.Release|x64.ActiveCfg = Release|x64
		{6001F642-84E6-448F-9D69-C1F540291186}.Release|x64.Build.0 = Release|x64
		{6001F642-84E6-448F-9D69-C1F540291186}.Release|x86.ActiveCfg = Release|Win32
		{6001F642-84E6-448F-9D69-C1F540291186}.Release|x86.Build.0 = Release|Win32
		{24E0C894-0886-49F1-80C0-DE306A1CD0C3}.Debug Unicode|ARM.ActiveCfg = Debug Unicode|ARM
		{24E0C894-0886-49F1-80C0-DE306A1CD0C3}.Debug Unicode|ARM.Build.0 = Debug Unicode|ARM
		{24E0C894-0886-49F1-80C0-DE306A1CD0C3}.Debug Unicode|ARM64.ActiveCfg = Debug Unicode|ARM64
		{24E0C894-0886-49F1-80C0-DE306A1CD0C3}.Debug Unicode|ARM64.Build.0 = Debug Unicode|ARM64
		{24E0C894-0886-49F1-80C0-DE306A1CD0C3}.Debug Unicode|x64.ActiveCfg = Debug Unicode|x64
		{24E0C894-0886-49F1-80C0-DE306A1CD0C3}.Debug Unicode|x64.Build.0 = Debug Unicode|x64
		{24E0C894-0886-49F1-80C0-DE306A1CD0C3}.Debug Unicode|x86.ActiveCfg = Debug Unicode|Win32
		{24E0C894-0886-49F1-80C0-DE306A1CD0C3}.Debug Unicode|x86.Build.0 = Debug Unicode|Win32
		{24E0C894-0886-49F1-80C0-DE306A1CD0C3}.Debug|ARM.ActiveCfg = Debug|ARM
		{24E0C894-0886-49F1-80C0-DE306A1CD0C3}.Debug|ARM.Build.0 = Debug|ARM
		{24E0C894-0886-49F1-80C0-DE306A1CD0C3}.Debug|ARM64.ActiveCfg = Debug|ARM64
		{24E0C894-0886-49F1-80C0-DE306A1CD0C3}.Debug|ARM64.Build.0 = Debug|ARM64
		{24E0C894-0886-49F1-80C0-DE306A1CD0C3}.Debug|x64.ActiveCfg = Debug|x64
		{24E0C894-0886-49F1-80C0-DE306A1CD0C3}.Debug|x64.Build.0 = Debug|x64
		{24E0C894-0886-49F1-80C0-DE306A1CD0C3}.Debug|x86.ActiveCfg = Debug|Win32
		{24E0C894-0886-49F1-80C0-DE306A1CD0C3}.Debug|x86.Build.0 = Debug|Win32
		{24E0C894-0886-49F1-80C0-DE306A1CD0C3}.Release|ARM.ActiveCfg = Release|ARM
		{24E0C894-0886-49F1-80C0-DE306A1CD0C3}.Release|ARM.Build.0 = Release|ARM
		{24E0C894-0886-49F1-80C0-DE306A1CD0C3}.Release|ARM64.ActiveCfg = Release|ARM64
		{24E0C894-0886-49F1-80C0-DE306A1CD0C3}.Release|ARM64.Build.0 = Release|ARM64
		{24E0C894-0886-49F1-80C0-DE306A1CD0C3}.Release|x64.ActiveCfg = Release|x64
		{24E0C894-0886-49F1-80C0-DE306A1CD0C3}.Release|x64.Build.0 = Release|x64
		{24E0C894-0886-49F1-80C0-DE306A1CD0C3}.Release|x86.ActiveCfg = Release|Win32
		{24E0C894-0886-49F1-80C0-DE306A1CD0C3}.Release|x86.Build.0 = Release|Win32
		{5F0B1D1B-306D-4D7F-AB22-DCF01632B73B}.Debug Unicode|ARM.ActiveCfg = Debug Unicode|ARM
		{5F0B1D1B-306D-4D7F-AB22-DCF01632B73B}.Debug Unicode|ARM.Build.0 = Debug Unicode|ARM
		{5F0B1D1B-306D-4D7F-AB22-DCF01632B73B}.Debug Unicode|ARM64.ActiveCfg = Debug Unicode|ARM64
		{5F0B1D1B-306D-4D7F-AB22-DCF01632B73B}.Debug Unicode|ARM64.Build.0 = Debug Unicode|ARM64
		{5F0B1D1B-306D-4D7F-AB22-DCF01632B73B}.Debug Unicode|x64.ActiveCfg = Debug Unicode|x64
		{5F0B1D1B-306D-4D7F-AB22-DCF01632B73B}.Debug Unicode|x64.Build.0 = Debug Unicode|x64
		{5F0B1D1B-306D-4D7F-AB22-DCF01632B73B}.Debug Unicode|x86.ActiveCfg = Debug Unicode|Win32
		{5F0B1D1B-306D-4D7F-AB22-DCF01632B73B}.Debug Unicode|x86.Build.0 = Debug Unicode|Win32
		{5F0B1D1B-306D-4D7F-AB22-DCF01632B73B}.Debug|ARM.ActiveCfg = Debug|ARM
		{5F0B1D1B-306D-4D7F-AB22-DCF01632B73B}.Debug|ARM.Build.0 = Debug|ARM
		{5F0B1D1B-306D-4D7F-AB22-DCF01632B73B}.Debug|ARM64.ActiveCfg = Debug|ARM64
		{5F0B1D1B-306D-4D7F-AB22-DCF01632B73B}.Debug|ARM64.Build.0 = Debug|ARM64
		{5F0B1D1B-306D-4D7F-AB22-DCF01632B73B}.Debug|x64.ActiveCfg = Debug|x64
		{5F0B1D1B-306D-4D7F-AB22-DCF01632B73B}.Debug|x64.Build.0 = Debug|x64
		{5F0B1D1B-306D-4D7F-AB22-DCF01632B73B}.Debug|x86.ActiveCfg = Debug|Win32
		{5F0B1D1B-306D-4D7F-AB22-DCF01632B73B}.Debug|x86.Build.0 = Debug|Win32
		{5F0B1D1B-306D-4D7F-AB22-DCF01632B73B}.Release|ARM.ActiveCfg = Release|ARM
		{5F0B1D1B-306D-4D7F-AB22-DCF01632B73B}.Release|ARM.Build.0 = Release|ARM
		{5F0B1D1B-306D-4D7F-AB22-DCF01632B73B}.Release|ARM64.ActiveCfg = Release|ARM64
		{5F0B1D1B-306D-4D7F-AB22-DCF01632B73B}.Release|ARM64.Build.0 = Release|ARM64
		{5F0B1D1B-306D-4D7F-AB22-DCF01632B73B}.Release|x64.ActiveCfg = Release|x64
		{5F0B1D1B-306D-4D7F-AB22-DCF01632B73B}.Release|x64.Build.0 = Release|x64
		{5F0B1D1B-306D-4D7F-AB22-DCF01632B73B}.Release|x86.ActiveCfg = Release|Win32
		{5F0B1D1B-306D-4D7F-AB22-DCF01632B73B}.Release|x86.Build.0 = Release|Win32
		{B8FEB3F1-D554-4AC2-9E59-F9792F31E8CE}.Debug Unicode|ARM.ActiveCfg = Debug Unicode|ARM
		{B8FEB3F1-D554-4AC2-9E59-F9792F31E8CE}.Debug Unicode|ARM.Build.0 = Debug Unicode|ARM
		{B8FEB3F1-D554-4AC2-9E59-F9792F31E8CE}.Debug Unicode|ARM64.ActiveCfg = Debug Unicode|ARM64
		{B8FEB3F1-D554-4AC2-9E59-F9792F31E8CE}.Debug Unicode|ARM64.Build.0 = Debug Unicode|ARM64
		{B8FEB3F1-D554-4AC2-9E59-F9792F31E8CE}.Debug Unicode|x64.ActiveCfg = Debug Unicode|x64
		{B8FEB3F1-D554-4AC2-9E59-F9792F31E8CE}.Debug Unicode|x64.Build.0 = Debug Unicode|x64
		{B8FEB3F1-D554-4AC2-9E59-F9792F31E8CE}.Debug Unicode|x86.ActiveCfg = Debug Unicode|Win32
		{B8FEB3F1-D554-4AC2-9E59-F9792F31E8CE}.Debug Unicode|x86.Build.0 = Debug Unicode|Win32
		{B8FEB3F1-D554-4AC2-9E59-F9792F31E8CE}.Debug|ARM.ActiveCfg = Debug|ARM
		{B8FEB3F1-D554-4AC2-9E59-F9792F31E8CE}.Debug|ARM.Build.0 = Debug|ARM
		{B8FEB3F1-D554-4AC2-9E59-F9792F31E8CE}.Debug|ARM64.ActiveCfg = Debug|ARM64
		{B8FEB3F1-D554-4AC2-9E59-F9792F31E8CE}.Debug|ARM64.Build.0 = Debug|ARM64
		{B8FEB3F1-D554-4AC2-9E59-F9792F31E8CE}.Debug|x64.ActiveCfg = Debug|x64
		{B8FEB3F1-D554-4AC2-9E59-F9792F31E8CE}.Debug|x64.Build.0 = Debug|x64
		{B8FEB3F1-D554-4AC2-9E59-F9792F31E8CE}.Debug|x86.ActiveCfg = Debug|Win32
		{B8FEB3F1-D554-4AC2-9E59-F9792F31E8CE}.Debug|x86.Build.0 = Debug|Win32
		{B8FEB3F1-D554-4AC2-9E59-F9792F31E8CE}.Release|ARM.ActiveCfg = Release|ARM
		{B8FEB3F1-D554-4AC2-9E59-F9792F31E8CE}.Release|ARM.Build.0 = Release|ARM
		{B8FEB3F1-D554-4AC2-9E59-F9792F31E8CE}.Release|ARM64.ActiveCfg = Release|ARM64
		{B8FEB3F1-D554-4AC2-9E59-F9792F31E8CE}.Release|ARM64.Build.0 = Release|ARM64
		{B8FEB3F1-D554-4AC2-9E59-F9792F31E8CE}.Release|x64.ActiveCfg = Release|x64
		{B8FEB3F1-D554-4AC2-9E59-F9792F31E8CE}.Release|x64.Build.0 = Release|x64
		{B8FEB3F1-D554-4AC2-9E59-F9792F31E8CE}.Release|x86.ActiveCfg = Release|Win32
		{B8FEB3F1-D554-4AC2-9E59-F9792F31E8CE}.Release|x86.Build.0 = Release|Win32
		{E0369460-54A0-4DB5-8167-94B0BAD6C215}.Debug Unicode|ARM.ActiveCfg = Debug Unicode|ARM
		{E0369460-54A0-4DB5-8167-94B0BAD6C215}.Debug Unicode|ARM.Build.0 = Debug Unicode|ARM
		{E0369460-54A0-4DB5-8167-94B0BAD6C215}.Debug Unicode|ARM64.ActiveCfg = Debug Unicode|ARM64
		{E0369460-54A0-4DB5-8167-94B0BAD6C215}.Debug Unicode|ARM64.Build.0 = Debug Unicode|ARM64
		{E0369460-54A0-4DB5-8167-94B0BAD6C215}.Debug Unicode|x64.ActiveCfg = Debug Unicode|x64
		{E0369460-54A0-4DB5-8167-94B0BAD6C215}.Debug Unicode|x64.Build.0 = Debug Unicode|x64
		{E0369460-54A0-4DB5-8167-94B0BAD6C215}.Debug Unicode|x86.ActiveCfg = Debug Unicode|Win32
		{E0369460-54A0-4DB5-8167-94B0BAD6C215}.Debug Unicode|x86.Build.0 = Debug Unicode|Win32
		{E0369460-54A0-4DB5-8167-94B0BAD6C215}.Debug|ARM.ActiveCfg = Debug|ARM
		{E0369460-54A0-4DB5-8167-94B0BAD6C215}.Debug|ARM.Build.0 = Debug|ARM
		{E0369460-54A0-4DB5-8167-94B0BAD6C215}.Debug|ARM64.ActiveCfg = Debug|ARM64
		{E0369460-54A0-4DB5-8167-94B0BAD6C215}.Debug|ARM64.Build.0 = Debug|ARM64
		{E0369460-54A0-4DB5-8167-94B0BAD6C215}.Debug|x64.ActiveCfg = Debug|x64
		{E0369460-54A0-4DB5-8167-94B0BAD6C215}.Debug|x64.Build.0 = Debug|x64
		{E0369460-54A0-4DB5-8167-94B0BAD6C215}.Debug|x86.ActiveCfg = Debug|Win32
		{E0369460-54A0-4DB5-8167-94B0BAD6C215}.Debug|x86.Build.0 = Debug|Win32
		{E0369460-54A0-4DB5-8167-94B0BAD6C215}.Release|ARM.ActiveCfg = Release|ARM
		{E0369460-54A0-4DB5-8167-94B0BAD6C215}.Release|ARM.Build.0 = Release|ARM
		{E0369460-54A0-4DB5-8167-94B0BAD6C215}.Release|ARM64.ActiveCfg = Release|ARM64
		{E0369460-54A0-4DB5-8167-94B0BAD6C215}.Release|ARM64.Build.0 = Release|ARM64
		{E0369460-54A0-4DB5-8167-94B0BAD6C215}.Release|x64.ActiveCfg = Release|x64
		{E0369460-54A0-4DB5-8167-94B0BAD6C215}.Release|x64.Build.0 = Release|x64
		{E0369460-54A0-4DB5-8167-94B0BAD6C215}.Release|x86.ActiveCfg = Release|Win32
		{E0369460-54A0-4DB5-8167-94B0BAD6C215}.Release|x86.Build.0 = Release|Win32
		{DBB955AF-768C-4121-A2A1-30012B9FF417}.Debug Unicode|ARM.ActiveCfg = Debug Unicode|ARM
		{DBB955AF-768C-4121-A2A1-30012B9FF417}.Debug Unicode|ARM.Build.0 = Debug Unicode|ARM
		{DBB955AF-768C-4121-A2A1-30012B9FF417}.Debug Unicode|ARM64.ActiveCfg = Debug Unicode|ARM64
		{DBB955AF-768C-4121-A2A1-30012B9FF417}.Debug Unicode|ARM64.Build.0 = Debug Unicode|ARM64
		{DBB955AF-768C-4121-A2A1-30012B9FF417}.Debug Unicode|x64.ActiveCfg = Debug Unicode|x64
		{DBB955AF-768C-4121-A2A1-30012B9FF417}.Debug Unicode|x64.Build.0 = Debug Unicode|x64
		{DBB955AF-768C-4121-A2A1-30012B9FF417}.Debug Unicode|x86.ActiveCfg = Debug Unicode|Win32
		{DBB955AF-768C-4121-A2A1-30012B9FF417}.Debug Unicode|x86.Build.0 = Debug Unicode|Win32
		{DBB955AF-768C-4121-A2A1-30012B9FF417}.Debug|ARM.ActiveCfg = Debug|ARM
		{DBB955AF-768C-4121-A2A1-30012B9FF417}.Debug|ARM.Build.0 = Debug|ARM
		{DBB955AF-768C-4121-A2A1-30012B9FF417}.Debug|ARM64.ActiveCfg = Debug|ARM64
		{DBB955AF-768C-4121-A2A1-30012B9FF417}.Debug|ARM64.Build.0 = Debug|ARM64
		{DBB955AF-768C-4121-A2A1-30012B9FF417}.Debug|x64.ActiveCfg = Debug|x64
		{DBB955AF-768C-4121-A2A1-30012B9FF417}.Debug|x64.Build.0 = Debug|x64
		{DBB955AF-768C-4121-A2A1-30012B9FF417}.Debug|x86.ActiveCfg = Debug|Win32
		{DBB955AF-768C-4121-A2A1-30012B9FF417}.Debug|x86.Build.0 = Debug|Win32
		{DBB955AF-768C-4121-A2A1-30012B9FF417}.Release|ARM.ActiveCfg = Release|ARM
		{DBB955AF-768C-4121-A2A1-30012B9FF417}.Release|ARM.Build.0 = Release|ARM
		{DBB955AF-768C-4121-A2A1-30012B9FF417}.Release|ARM64.ActiveCfg = Release|ARM64
		{DBB955AF-768C-4121-A2A1-30012B9FF417}.Release|ARM64.Build.0 = Release|ARM64
		{DBB955AF-768C-4121-A2A1-30012B9FF417}.Release|x64.ActiveCfg = Release|x64
		{DBB955AF-768C-4121-A2A1-30012B9FF417}.Release|x64.Build.0 = Release|x64
		{DBB955AF-768C-4121-A2A1-30012B9FF417}.Release|x86.ActiveCfg = Release|Win32
		{DBB955AF-768C-4121-A2A1-30012B9FF417}.Release|x86.Build.0 = Release|Win32
		{DA814B9E-141A-4044-95AD-6E8C6C13D67E}.Debug Unicode|ARM.ActiveCfg = Debug Unicode|ARM
		{DA814B9E-141A-4044-95AD-6E8C6C13D67E}.Debug Unicode|ARM.Build.0 = Debug Unicode|ARM
		{DA814B9E-141A-4044-95AD-6E8C6C13D67E}.Debug Unicode|ARM64.ActiveCfg = Debug Unicode|ARM64
		{DA814B9E-141A-4044-95AD-6E8C6C13D67E}.Debug Unicode|ARM64.Build.0 = Debug Unicode|ARM64
		{DA814B9E-141A-4044-95AD-6E8C6C13D67E}.Debug Unicode|x64.ActiveCfg = Debug Unicode|x64
		{DA814B9E-141A-4044-95AD-6E8C6C13D67E}.Debug Unicode|x64.Build.0 = Debug Unicode|x64
		{DA814B9E-141A-4044-95AD-6E8C6C13D67E}.Debug Unicode|x86.ActiveCfg = Debug Unicode|Win32
		{DA814B9E-141A-4044-95AD-6E8C6C13D67E}.Debug Unicode|x86.Build.0 = Debug Unicode|Win32
		{DA814B9E-141A-4044-95AD-6E8C6C13D67E}.Debug|ARM.ActiveCfg = Debug|ARM
		{DA814B9E-141A-4044-95AD-6E8C6C13D67E}.Debug|ARM.Build.0 = Debug|ARM
		{DA814B9E-141A-4044-95AD-6E8C6C13D67E}.Debug|ARM64.ActiveCfg = Debug|ARM64
		{DA814B9E-141A-4044-95AD-6E8C6C13D67E}.Debug|ARM64.Build.0 = Debug|ARM64
		{DA814B9E-141A-4044-95AD-6E8C6C13D67E}.Debug|x64.ActiveCfg = Debug|x64
		{DA814B9E-141A-4044-95AD-6E8C6C13D67E}.Debug|x64.Build.0 = Debug|x64
		{DA814B9E-141A-4044-95AD-6E8C6C13D67E}.Debug|x86.ActiveCfg = Debug|Win32
		{DA814B9E-141A-4044-95AD-6E8C6C13D67E}.Debug|x86.Build.0 = Debug|Win32
		{DA814B9E-141A-4044-95AD-6E8C6C13D67E}.Release|ARM.ActiveCfg = Release|ARM
		{DA814B9E-141A-4044-95AD-6E8C6C13D67E}.Release|ARM.Build.0 = Release|ARM
		{DA814B9E-141A-4044-95AD-6E8C6C13D67E}.Release|ARM64.ActiveCfg = Release|ARM64
		{DA814B9E-141A-4044-95AD-6E8C6C13D67E}.Release|ARM64.Build.0 = Release|ARM64
		{DA814B9E-141A-4044-95AD-6E8C6C13D67E}.Release|x64.ActiveCfg = Release|x64
		{DA814B9E-141A-4044-95AD-6E8C6C13D67E}.Release|x64.Build.0 = Release|x64
		{DA814B9E-141A-4044-95AD-6E8C6C13D67E}.Release|x86.ActiveCfg = Release|Win32
		{DA814B9E-141A-4044-95AD-6E8C6C13D67E}.Release|x86.Build.0 = Release|Win32
		{72379240-B458-46F3-B9DD-2DEADE37A2C9}.Debug Unicode|ARM.ActiveCfg = Debug Unicode|ARM
		{72379240-B458-46F3-B9DD-2DEADE37A2C9}.Debug Unicode|ARM.Build.0 = Debug Unicode|ARM
		{72379240-B458-46F3-B9DD-2DEADE37A2C9}.Debug Unicode|ARM64.ActiveCfg = Debug Unicode|ARM64
		{72379240-B458-46F3-B9DD-2DEADE37A2C9}.Debug Unicode|ARM64.Build.0 = Debug Unicode|ARM64
		{72379240-B458-46F3-B9DD-2DEADE37A2C9}.Debug Unicode|x64.ActiveCfg = Debug Unicode|x64
		{72379240-B458-46F3-B9DD-2DEADE37A2C9}.Debug Unicode|x64.Build.0 = Debug Unicode|x64
		{72379240-B458-46F3-B9DD-2DEADE37A2C9}.Debug Unicode|x86.ActiveCfg = Debug Unicode|Win32
		{72379240-B458-46F3-B9DD-2DEADE37A2C9}.Debug Unicode|x86.Build.0 = Debug Unicode|Win32
		{72379240-B458-46F3-B9DD-2DEADE37A2C9}.Debug|ARM.ActiveCfg = Debug|ARM
		{72379240-B458-46F3-B9DD-2DEADE37A2C9}.Debug|ARM.Build.0 = Debug|ARM
		{72379240-B458-46F3-B9DD-2DEADE37A2C9}.Debug|ARM64.ActiveCfg = Debug|ARM64
		{72379240-B458-46F3-B9DD-2DEADE37A2C9}.Debug|ARM64.Build.0 = Debug|ARM64
		{72379240-B458-46F3-B9DD-2DEADE37A2C9}.Debug|x64.ActiveCfg = Debug|x64
		{72379240-B458-46F3-B9DD-2DEADE37A2C9}.Debug|x64.Build.0 = Debug|x64
		{72379240-B458-46F3-B9DD-2DEADE37A2C9}.Debug|x86.ActiveCfg = Debug|Win32
		{72379240-B458-46F3-B9DD-2DEADE37A2C9}.Debug|x86.Build.0 = Debug|Win32
		{72379240-B458-46F3-B9DD-2DEADE37A2C9}.Release|ARM.ActiveCfg = Release|ARM
		{72379240-B458-46F3-B9DD-2DEADE37A2C9}.Release|ARM.Build.0 = Release|ARM
		{72379240-B458-46F3-B9DD-2DEADE37A2C9}.Release|ARM64.ActiveCfg = Release|ARM64
		{72379240-B458-46F3-B9DD-2DEADE37A2C9}.Release|ARM64.Build.0 = Release|ARM64
		{72379240-B458-46F3-B9DD-2DEADE37A2C9}.Release|x64.ActiveCfg = Release|x64
		{72379240-B458-46F3-B9DD-2DEADE37A2C9}.Release|x64.Build.0 = Release|x64
		{72379240-B458-46F3-B9DD-2DEADE37A2C9}.Release|x86.ActiveCfg = Release|Win32
		{72379240-B458-46F3-B9DD-2DEADE37A2C9}.Release|x86.Build.0 = Release|Win32
		{3E0AC723-BDE7-45AC-ABD8-B05AA5642EAC}.Debug Unicode|ARM.ActiveCfg = Debug Unicode|ARM
		{3E0AC723-BDE7-45AC-ABD8-B05AA5642EAC}.Debug Unicode|ARM.Build.0 = Debug Unicode|ARM
		{3E0AC723-BDE7-45AC-ABD8-B05AA5642EAC}.Debug Unicode|ARM64.ActiveCfg = Debug Unicode|ARM64
		{3E0AC723-BDE7-45AC-ABD8-B05AA5642EAC}.Debug Unicode|ARM64.Build.0 = Debug Unicode|ARM64
		{3E0AC723-BDE7-45AC-ABD8-B05AA5642EAC}.Debug Unicode|x64.ActiveCfg = Debug Unicode|x64
		{3E0AC723-BDE7-45AC-ABD8-B05AA5642EAC}.Debug Unicode|x64.Build.0 = Debug Unicode|x64
		{3E0AC723-BDE7-45AC-ABD8-B05AA5642EAC}.Debug Unicode|x86.ActiveCfg = Debug Unicode|Win32
		{3E0AC723-BDE7-45AC-ABD8-B05AA5642EAC}.Debug Unicode|x86.Build.0 = Debug Unicode|Win32
		{3E0AC723-BDE7-45AC-ABD8-B05AA5642EAC}.Debug|ARM.ActiveCfg = Debug|ARM
		{3E0AC723-BDE7-45AC-ABD8-B05AA5642EAC}.Debug|ARM.Build.0 = Debug|ARM
		{3E0AC723-BDE7-45AC-ABD8-B05AA5642EAC}.Debug|ARM64.ActiveCfg = Debug|ARM64
		{3E0AC723-BDE7-45AC-ABD8-B05AA5642EAC}.Debug|ARM64.Build.0 = Debug|ARM64
		{3E0AC723-BDE7-45AC-ABD8-B05AA5642EAC}.Debug|x64.ActiveCfg = Debug|x64
		{3E0AC723-BDE7-45AC-ABD8-B05AA5642EAC}.Debug|x64.Build.0 = Debug|x64
		{3E0AC723-BDE7-45AC-ABD8-B05AA5642EAC}.Debug|x86.ActiveCfg = Debug|Win32
		{3E0AC723-BDE7-45AC-ABD8-B05AA5642EAC}.Debug|x86.Build.0 = Debug|Win32
		{3E0AC723-BDE7-45AC-ABD8-B05AA5642EAC}.Release|ARM.ActiveCfg = Release|ARM
		{3E0AC723-BDE7-45AC-ABD8-B05AA5642EAC}.Release|ARM.Build.0 = Release|ARM
		{3E0AC723-BDE7-45AC-ABD8-B05AA5642EAC}.Release|ARM64.ActiveCfg = Release|ARM64
		{3E0AC723-BDE7-45AC-ABD8-B05AA5642EAC}.Release|ARM64.Build.0 = Release|ARM64
		{3E0AC723-BDE7-45AC-ABD8-B05AA5642EAC}.Release|x64.ActiveCfg = Release|x64
		{3E0AC723-BDE7-45AC-ABD8-B05AA5642EAC}.Release|x64.Build.0 = Release|x64
		{3E0AC723-BDE7-45AC-ABD8-B05AA5642EAC}.Release|x86.ActiveCfg = Release|Win32
		{3E0AC723-BDE7-45AC-ABD8-B05AA5642EAC}.Release|x86.Build.0 = Release|Win32
	EndGlobalSection
	GlobalSection(SolutionProperties) = preSolution
		HideSolutionNode = FALSE
	EndGlobalSection
	GlobalSection(ExtensibilityGlobals) = postSolution
		SolutionGuid = {37ED815F-4F1E-4731-9953-347CD88F2F6B}
	EndGlobalSection
EndGlobal
